// !$*UTF8*$!
{
	archiveVersion = 1;
	classes = {
	};
	objectVersion = 77;
	objects = {

/* Begin PBXContainerItemProxy section */
		0AF2726F2E4A2F5B003A39EF /* PBXContainerItemProxy */ = {
			isa = PBXContainerItemProxy;
			containerPortal = 0AF272502E4A2F59003A39EF /* Project object */;
			proxyType = 1;
			remoteGlobalIDString = 0AF272572E4A2F59003A39EF;
			remoteInfo = PayWall;
		};
		0AF272792E4A2F5B003A39EF /* PBXContainerItemProxy */ = {
			isa = PBXContainerItemProxy;
			containerPortal = 0AF272502E4A2F59003A39EF /* Project object */;
			proxyType = 1;
			remoteGlobalIDString = 0AF272572E4A2F59003A39EF;
			remoteInfo = PayWall;
		};
/* End PBXContainerItemProxy section */

/* Begin PBXFileReference section */
		0AF272582E4A2F59003A39EF /* PayWall.app */ = {isa = PBXFileReference; explicitFileType = wrapper.application; includeInIndex = 0; path = PayWall.app; sourceTree = BUILT_PRODUCTS_DIR; };
		0AF2726E2E4A2F5B003A39EF /* PayWallTests.xctest */ = {isa = PBXFileReference; explicitFileType = wrapper.cfbundle; includeInIndex = 0; path = PayWallTests.xctest; sourceTree = BUILT_PRODUCTS_DIR; };
		0AF272782E4A2F5B003A39EF /* PayWallUITests.xctest */ = {isa = PBXFileReference; explicitFileType = wrapper.cfbundle; includeInIndex = 0; path = PayWallUITests.xctest; sourceTree = BUILT_PRODUCTS_DIR; };
/* End PBXFileReference section */

/* Begin PBXFileSystemSynchronizedBuildFileExceptionSet section */
		0AF272802E4A2F5B003A39EF /* Exceptions for "PayWall" folder in "PayWall" target */ = {
			isa = PBXFileSystemSynchronizedBuildFileExceptionSet;
			membershipExceptions = (
				Info.plist,
			);
			target = 0AF272572E4A2F59003A39EF /* PayWall */;
		};
/* End PBXFileSystemSynchronizedBuildFileExceptionSet section */

/* Begin PBXFileSystemSynchronizedRootGroup section */
		0AF2725A2E4A2F59003A39EF /* PayWall */ = {
			isa = PBXFileSystemSynchronizedRootGroup;
			exceptions = (
				0AF272802E4A2F5B003A39EF /* Exceptions for "PayWall" folder in "PayWall" target */,
			);
			path = PayWall;
			sourceTree = "<group>";
		};
		0AF272712E4A2F5B003A39EF /* PayWallTests */ = {
			isa = PBXFileSystemSynchronizedRootGroup;
			path = PayWallTests;
			sourceTree = "<group>";
		};
		0AF2727B2E4A2F5B003A39EF /* PayWallUITests */ = {
			isa = PBXFileSystemSynchronizedRootGroup;
			path = PayWallUITests;
			sourceTree = "<group>";
		};
/* End PBXFileSystemSynchronizedRootGroup section */

/* Begin PBXFrameworksBuildPhase section */
		0AF272552E4A2F59003A39EF /* Frameworks */ = {
			isa = PBXFrameworksBuildPhase;
			buildActionMask = 2147483647;
			files = (
			);
			runOnlyForDeploymentPostprocessing = 0;
		};
		0AF2726B2E4A2F5B003A39EF /* Frameworks */ = {
			isa = PBXFrameworksBuildPhase;
			buildActionMask = 2147483647;
			files = (
			);
			runOnlyForDeploymentPostprocessing = 0;
		};
		0AF272752E4A2F5B003A39EF /* Frameworks */ = {
			isa = PBXFrameworksBuildPhase;
			buildActionMask = 2147483647;
			files = (
			);
			runOnlyForDeploymentPostprocessing = 0;
		};
/* End PBXFrameworksBuildPhase section */

/* Begin PBXGroup section */
		0AF2724F2E4A2F59003A39EF = {
			isa = PBXGroup;
			children = (
				0AF2725A2E4A2F59003A39EF /* PayWall */,
				0AF272712E4A2F5B003A39EF /* PayWallTests */,
				0AF2727B2E4A2F5B003A39EF /* PayWallUITests */,
				0AF272592E4A2F59003A39EF /* Products */,
			);
			sourceTree = "<group>";
		};
		0AF272592E4A2F59003A39EF /* Products */ = {
			isa = PBXGroup;
			children = (
				0AF272582E4A2F59003A39EF /* PayWall.app */,
				0AF2726E2E4A2F5B003A39EF /* PayWallTests.xctest */,
				0AF272782E4A2F5B003A39EF /* PayWallUITests.xctest */,
			);
			name = Products;
			sourceTree = "<group>";
		};
/* End PBXGroup section */

/* Begin PBXNativeTarget section */
		0AF272572E4A2F59003A39EF /* PayWall */ = {
			isa = PBXNativeTarget;
			buildConfigurationList = 0AF272812E4A2F5B003A39EF /* Build configuration list for PBXNativeTarget "PayWall" */;
			buildPhases = (
				0AF272542E4A2F59003A39EF /* Sources */,
				0AF272552E4A2F59003A39EF /* Frameworks */,
				0AF272562E4A2F59003A39EF /* Resources */,
			);
			buildRules = (
			);
			dependencies = (
			);
			fileSystemSynchronizedGroups = (
				0AF2725A2E4A2F59003A39EF /* PayWall */,
			);
			name = PayWall;
			packageProductDependencies = (
			);
			productName = PayWall;
			productReference = 0AF272582E4A2F59003A39EF /* PayWall.app */;
			productType = "com.apple.product-type.application";
		};
		0AF2726D2E4A2F5B003A39EF /* PayWallTests */ = {
			isa = PBXNativeTarget;
			buildConfigurationList = 0AF272862E4A2F5B003A39EF /* Build configuration list for PBXNativeTarget "PayWallTests" */;
			buildPhases = (
				0AF2726A2E4A2F5B003A39EF /* Sources */,
				0AF2726B2E4A2F5B003A39EF /* Frameworks */,
				0AF2726C2E4A2F5B003A39EF /* Resources */,
			);
			buildRules = (
			);
			dependencies = (
				0AF272702E4A2F5B003A39EF /* PBXTargetDependency */,
			);
			fileSystemSynchronizedGroups = (
				0AF272712E4A2F5B003A39EF /* PayWallTests */,
			);
			name = PayWallTests;
			packageProductDependencies = (
			);
			productName = PayWallTests;
			productReference = 0AF2726E2E4A2F5B003A39EF /* PayWallTests.xctest */;
			productType = "com.apple.product-type.bundle.unit-test";
		};
		0AF272772E4A2F5B003A39EF /* PayWallUITests */ = {
			isa = PBXNativeTarget;
			buildConfigurationList = 0AF272892E4A2F5B003A39EF /* Build configuration list for PBXNativeTarget "PayWallUITests" */;
			buildPhases = (
				0AF272742E4A2F5B003A39EF /* Sources */,
				0AF272752E4A2F5B003A39EF /* Frameworks */,
				0AF272762E4A2F5B003A39EF /* Resources */,
			);
			buildRules = (
			);
			dependencies = (
				0AF2727A2E4A2F5B003A39EF /* PBXTargetDependency */,
			);
			fileSystemSynchronizedGroups = (
				0AF2727B2E4A2F5B003A39EF /* PayWallUITests */,
			);
			name = PayWallUITests;
			packageProductDependencies = (
			);
			productName = PayWallUITests;
			productReference = 0AF272782E4A2F5B003A39EF /* PayWallUITests.xctest */;
			productType = "com.apple.product-type.bundle.ui-testing";
		};
/* End PBXNativeTarget section */

/* Begin PBXProject section */
		0AF272502E4A2F59003A39EF /* Project object */ = {
			isa = PBXProject;
			attributes = {
				BuildIndependentTargetsInParallel = 1;
				LastSwiftUpdateCheck = 1640;
				LastUpgradeCheck = 1640;
				TargetAttributes = {
					0AF272572E4A2F59003A39EF = {
						CreatedOnToolsVersion = 16.4;
					};
					0AF2726D2E4A2F5B003A39EF = {
						CreatedOnToolsVersion = 16.4;
						TestTargetID = 0AF272572E4A2F59003A39EF;
					};
					0AF272772E4A2F5B003A39EF = {
						CreatedOnToolsVersion = 16.4;
						TestTargetID = 0AF272572E4A2F59003A39EF;
					};
				};
			};
			buildConfigurationList = 0AF272532E4A2F59003A39EF /* Build configuration list for PBXProject "PayWall" */;
			developmentRegion = en;
			hasScannedForEncodings = 0;
			knownRegions = (
				en,
				Base,
			);
			mainGroup = 0AF2724F2E4A2F59003A39EF;
			minimizedProjectReferenceProxies = 1;
			preferredProjectObjectVersion = 77;
			productRefGroup = 0AF272592E4A2F59003A39EF /* Products */;
			projectDirPath = "";
			projectRoot = "";
			targets = (
				0AF272572E4A2F59003A39EF /* PayWall */,
				0AF2726D2E4A2F5B003A39EF /* PayWallTests */,
				0AF272772E4A2F5B003A39EF /* PayWallUITests */,
			);
		};
/* End PBXProject section */

/* Begin PBXResourcesBuildPhase section */
		0AF272562E4A2F59003A39EF /* Resources */ = {
			isa = PBXResourcesBuildPhase;
			buildActionMask = 2147483647;
			files = (
			);
			runOnlyForDeploymentPostprocessing = 0;
		};
		0AF2726C2E4A2F5B003A39EF /* Resources */ = {
			isa = PBXResourcesBuildPhase;
			buildActionMask = 2147483647;
			files = (
			);
			runOnlyForDeploymentPostprocessing = 0;
		};
		0AF272762E4A2F5B003A39EF /* Resources */ = {
			isa = PBXResourcesBuildPhase;
			buildActionMask = 2147483647;
			files = (
			);
			runOnlyForDeploymentPostprocessing = 0;
		};
/* End PBXResourcesBuildPhase section */

/* Begin PBXSourcesBuildPhase section */
		0AF272542E4A2F59003A39EF /* Sources */ = {
			isa = PBXSourcesBuildPhase;
			buildActionMask = 2147483647;
			files = (
			);
			runOnlyForDeploymentPostprocessing = 0;
		};
		0AF2726A2E4A2F5B003A39EF /* Sources */ = {
			isa = PBXSourcesBuildPhase;
			buildActionMask = 2147483647;
			files = (
			);
			runOnlyForDeploymentPostprocessing = 0;
		};
		0AF272742E4A2F5B003A39EF /* Sources */ = {
			isa = PBXSourcesBuildPhase;
			buildActionMask = 2147483647;
			files = (
			);
			runOnlyForDeploymentPostprocessing = 0;
		};
/* End PBXSourcesBuildPhase section */

/* Begin PBXTargetDependency section */
		0AF272702E4A2F5B003A39EF /* PBXTargetDependency */ = {
			isa = PBXTargetDependency;
			target = 0AF272572E4A2F59003A39EF /* PayWall */;
			targetProxy = 0AF2726F2E4A2F5B003A39EF /* PBXContainerItemProxy */;
		};
		0AF2727A2E4A2F5B003A39EF /* PBXTargetDependency */ = {
			isa = PBXTargetDependency;
			target = 0AF272572E4A2F59003A39EF /* PayWall */;
			targetProxy = 0AF272792E4A2F5B003A39EF /* PBXContainerItemProxy */;
		};
/* End PBXTargetDependency section */

/* Begin XCBuildConfiguration section */
		0AF272822E4A2F5B003A39EF /* Debug */ = {
			isa = XCBuildConfiguration;
			buildSettings = {
				ASSETCATALOG_COMPILER_APPICON_NAME = AppIcon;
				ASSETCATALOG_COMPILER_GLOBAL_ACCENT_COLOR_NAME = AccentColor;
				CODE_SIGN_STYLE = Automatic;
				CURRENT_PROJECT_VERSION = 1;
				DEVELOPMENT_TEAM = DVGP29C4HF;
				GENERATE_INFOPLIST_FILE = YES;
				INFOPLIST_FILE = PayWall/Info.plist;
				INFOPLIST_KEY_UIApplicationSupportsIndirectInputEvents = YES;
				INFOPLIST_KEY_UILaunchStoryboardName = LaunchScreen;
				INFOPLIST_KEY_UISupportedInterfaceOrientations = UIInterfaceOrientationPortrait;
				INFOPLIST_KEY_UISupportedInterfaceOrientations_iPad = "UIInterfaceOrientationLandscapeLeft UIInterfaceOrientationLandscapeRight UIInterfaceOrientationPortrait UIInterfaceOrientationPortraitUpsideDown";
				IPHONEOS_DEPLOYMENT_TARGET = 17.6;
				LD_RUNPATH_SEARCH_PATHS = (
					"$(inherited)",
					"@executable_path/Frameworks",
				);
				MARKETING_VERSION = 1.0;
				PRODUCT_BUNDLE_IDENTIFIER = Fedich.PayWall;
				PRODUCT_NAME = "$(TARGET_NAME)";
				SUPPORTED_PLATFORMS = "iphoneos iphonesimulator";
				SUPPORTS_MACCATALYST = NO;
				SUPPORTS_MAC_DESIGNED_FOR_IPHONE_IPAD = NO;
				SUPPORTS_XR_DESIGNED_FOR_IPHONE_IPAD = NO;
				SWIFT_EMIT_LOC_STRINGS = YES;
				SWIFT_VERSION = 5.0;
				TARGETED_DEVICE_FAMILY = "1,2";
			};
			name = Debug;
		};
		0AF272832E4A2F5B003A39EF /* Release */ = {
			isa = XCBuildConfiguration;
			buildSettings = {
				ASSETCATALOG_COMPILER_APPICON_NAME = AppIcon;
				ASSETCATALOG_COMPILER_GLOBAL_ACCENT_COLOR_NAME = AccentColor;
				CODE_SIGN_STYLE = Automatic;
				CURRENT_PROJECT_VERSION = 1;
				DEVELOPMENT_TEAM = DVGP29C4HF;
				GENERATE_INFOPLIST_FILE = YES;
				INFOPLIST_FILE = PayWall/Info.plist;
				INFOPLIST_KEY_UIApplicationSupportsIndirectInputEvents = YES;
				INFOPLIST_KEY_UILaunchStoryboardName = LaunchScreen;
				INFOPLIST_KEY_UISupportedInterfaceOrientations = UIInterfaceOrientationPortrait;
				INFOPLIST_KEY_UISupportedInterfaceOrientations_iPad = "UIInterfaceOrientationLandscapeLeft UIInterfaceOrientationLandscapeRight UIInterfaceOrientationPortrait UIInterfaceOrientationPortraitUpsideDown";
				IPHONEOS_DEPLOYMENT_TARGET = 17.6;
				LD_RUNPATH_SEARCH_PATHS = (
					"$(inherited)",
					"@executable_path/Frameworks",
				);
				MARKETING_VERSION = 1.0;
				PRODUCT_BUNDLE_IDENTIFIER = Fedich.PayWall;
				PRODUCT_NAME = "$(TARGET_NAME)";
				SUPPORTED_PLATFORMS = "iphoneos iphonesimulator";
				SUPPORTS_MACCATALYST = NO;
				SUPPORTS_MAC_DESIGNED_FOR_IPHONE_IPAD = NO;
				SUPPORTS_XR_DESIGNED_FOR_IPHONE_IPAD = NO;
				SWIFT_EMIT_LOC_STRINGS = YES;
				SWIFT_VERSION = 5.0;
				TARGETED_DEVICE_FAMILY = "1,2";
			};
			name = Release;
		};
		0AF272842E4A2F5B003A39EF /* Debug */ = {
			isa = XCBuildConfiguration;
			buildSettings = {
				ALWAYS_SEARCH_USER_PATHS = NO;
				ASSETCATALOG_COMPILER_GENERATE_SWIFT_ASSET_SYMBOL_EXTENSIONS = YES;
				CLANG_ANALYZER_NONNULL = YES;
				CLANG_ANALYZER_NUMBER_OBJECT_CONVERSION = YES_AGGRESSIVE;
				CLANG_CXX_LANGUAGE_STANDARD = "gnu++20";
				CLANG_ENABLE_MODULES = YES;
				CLANG_ENABLE_OBJC_ARC = YES;
				CLANG_ENABLE_OBJC_WEAK = YES;
				CLANG_WARN_BLOCK_CAPTURE_AUTORELEASING = YES;
				CLANG_WARN_BOOL_CONVERSION = YES;
				CLANG_WARN_COMMA = YES;
				CLANG_WARN_CONSTANT_CONVERSION = YES;
				CLANG_WARN_DEPRECATED_OBJC_IMPLEMENTATIONS = YES;
				CLANG_WARN_DIRECT_OBJC_ISA_USAGE = YES_ERROR;
				CLANG_WARN_DOCUMENTATION_COMMENTS = YES;
				CLANG_WARN_EMPTY_BODY = YES;
				CLANG_WARN_ENUM_CONVERSION = YES;
				CLANG_WARN_INFINITE_RECURSION = YES;
				CLANG_WARN_INT_CONVERSION = YES;
				CLANG_WARN_NON_LITERAL_NULL_CONVERSION = YES;
				CLANG_WARN_OBJC_IMPLICIT_RETAIN_SELF = YES;
				CLANG_WARN_OBJC_LITERAL_CONVERSION = YES;
				CLANG_WARN_OBJC_ROOT_CLASS = YES_ERROR;
				CLANG_WARN_QUOTED_INCLUDE_IN_FRAMEWORK_HEADER = YES;
				CLANG_WARN_RANGE_LOOP_ANALYSIS = YES;
				CLANG_WARN_STRICT_PROTOTYPES = YES;
				CLANG_WARN_SUSPICIOUS_MOVE = YES;
				CLANG_WARN_UNGUARDED_AVAILABILITY = YES_AGGRESSIVE;
				CLANG_WARN_UNREACHABLE_CODE = YES;
				CLANG_WARN__DUPLICATE_METHOD_MATCH = YES;
				COPY_PHASE_STRIP = NO;
				DEBUG_INFORMATION_FORMAT = dwarf;
				DEVELOPMENT_TEAM = DVGP29C4HF;
				ENABLE_STRICT_OBJC_MSGSEND = YES;
				ENABLE_TESTABILITY = YES;
				ENABLE_USER_SCRIPT_SANDBOXING = YES;
				GCC_C_LANGUAGE_STANDARD = gnu17;
				GCC_DYNAMIC_NO_PIC = NO;
				GCC_NO_COMMON_BLOCKS = YES;
				GCC_OPTIMIZATION_LEVEL = 0;
				GCC_PREPROCESSOR_DEFINITIONS = (
					"DEBUG=1",
					"$(inherited)",
				);
				GCC_WARN_64_TO_32_BIT_CONVERSION = YES;
				GCC_WARN_ABOUT_RETURN_TYPE = YES_ERROR;
				GCC_WARN_UNDECLARED_SELECTOR = YES;
				GCC_WARN_UNINITIALIZED_AUTOS = YES_AGGRESSIVE;
				GCC_WARN_UNUSED_FUNCTION = YES;
				GCC_WARN_UNUSED_VARIABLE = YES;
				IPHONEOS_DEPLOYMENT_TARGET = 18.5;
				LOCALIZATION_PREFERS_STRING_CATALOGS = YES;
				MTL_ENABLE_DEBUG_INFO = INCLUDE_SOURCE;
				MTL_FAST_MATH = YES;
				ONLY_ACTIVE_ARCH = YES;
				SDKROOT = iphoneos;
				SWIFT_ACTIVE_COMPILATION_CONDITIONS = "DEBUG $(inherited)";
				SWIFT_OPTIMIZATION_LEVEL = "-Onone";
			};
			name = Debug;
		};
		0AF272852E4A2F5B003A39EF /* Release */ = {
			isa = XCBuildConfiguration;
			buildSettings = {
				ALWAYS_SEARCH_USER_PATHS = NO;
				ASSETCATALOG_COMPILER_GENERATE_SWIFT_ASSET_SYMBOL_EXTENSIONS = YES;
				CLANG_ANALYZER_NONNULL = YES;
				CLANG_ANALYZER_NUMBER_OBJECT_CONVERSION = YES_AGGRESSIVE;
				CLANG_CXX_LANGUAGE_STANDARD = "gnu++20";
				CLANG_ENABLE_MODULES = YES;
				CLANG_ENABLE_OBJC_ARC = YES;
				CLANG_ENABLE_OBJC_WEAK = YES;
				CLANG_WARN_BLOCK_CAPTURE_AUTORELEASING = YES;
				CLANG_WARN_BOOL_CONVERSION = YES;
				CLANG_WARN_COMMA = YES;
				CLANG_WARN_CONSTANT_CONVERSION = YES;
				CLANG_WARN_DEPRECATED_OBJC_IMPLEMENTATIONS = YES;
				CLANG_WARN_DIRECT_OBJC_ISA_USAGE = YES_ERROR;
				CLANG_WARN_DOCUMENTATION_COMMENTS = YES;
				CLANG_WARN_EMPTY_BODY = YES;
				CLANG_WARN_ENUM_CONVERSION = YES;
				CLANG_WARN_INFINITE_RECURSION = YES;
				CLANG_WARN_INT_CONVERSION = YES;
				CLANG_WARN_NON_LITERAL_NULL_CONVERSION = YES;
				CLANG_WARN_OBJC_IMPLICIT_RETAIN_SELF = YES;
				CLANG_WARN_OBJC_LITERAL_CONVERSION = YES;
				CLANG_WARN_OBJC_ROOT_CLASS = YES_ERROR;
				CLANG_WARN_QUOTED_INCLUDE_IN_FRAMEWORK_HEADER = YES;
				CLANG_WARN_RANGE_LOOP_ANALYSIS = YES;
				CLANG_WARN_STRICT_PROTOTYPES = YES;
				CLANG_WARN_SUSPICIOUS_MOVE = YES;
				CLANG_WARN_UNGUARDED_AVAILABILITY = YES_AGGRESSIVE;
				CLANG_WARN_UNREACHABLE_CODE = YES;
				CLANG_WARN__DUPLICATE_METHOD_MATCH = YES;
				COPY_PHASE_STRIP = NO;
				DEBUG_INFORMATION_FORMAT = "dwarf-with-dsym";
				DEVELOPMENT_TEAM = DVGP29C4HF;
				ENABLE_NS_ASSERTIONS = NO;
				ENABLE_STRICT_OBJC_MSGSEND = YES;
				ENABLE_USER_SCRIPT_SANDBOXING = YES;
				GCC_C_LANGUAGE_STANDARD = gnu17;
				GCC_NO_COMMON_BLOCKS = YES;
				GCC_WARN_64_TO_32_BIT_CONVERSION = YES;
				GCC_WARN_ABOUT_RETURN_TYPE = YES_ERROR;
				GCC_WARN_UNDECLARED_SELECTOR = YES;
				GCC_WARN_UNINITIALIZED_AUTOS = YES_AGGRESSIVE;
				GCC_WARN_UNUSED_FUNCTION = YES;
				GCC_WARN_UNUSED_VARIABLE = YES;
				IPHONEOS_DEPLOYMENT_TARGET = 18.5;
				LOCALIZATION_PREFERS_STRING_CATALOGS = YES;
				MTL_ENABLE_DEBUG_INFO = NO;
				MTL_FAST_MATH = YES;
				SDKROOT = iphoneos;
				SWIFT_COMPILATION_MODE = wholemodule;
				VALIDATE_PRODUCT = YES;
			};
			name = Release;
		};
		0AF272872E4A2F5B003A39EF /* Debug */ = {
			isa = XCBuildConfiguration;
			buildSettings = {
				BUNDLE_LOADER = "$(TEST_HOST)";
				CODE_SIGN_STYLE = Automatic;
				CURRENT_PROJECT_VERSION = 1;
				DEVELOPMENT_TEAM = DVGP29C4HF;
				GENERATE_INFOPLIST_FILE = YES;
				IPHONEOS_DEPLOYMENT_TARGET = 18.5;
				MARKETING_VERSION = 1.0;
				PRODUCT_BUNDLE_IDENTIFIER = Fedich.PayWallTests;
				PRODUCT_NAME = "$(TARGET_NAME)";
				SWIFT_EMIT_LOC_STRINGS = NO;
				SWIFT_VERSION = 5.0;
				TARGETED_DEVICE_FAMILY = "1,2";
				TEST_HOST = "$(BUILT_PRODUCTS_DIR)/PayWall.app/$(BUNDLE_EXECUTABLE_FOLDER_PATH)/PayWall";
			};
			name = Debug;
		};
		0AF272882E4A2F5B003A39EF /* Release */ = {
			isa = XCBuildConfiguration;
			buildSettings = {
				BUNDLE_LOADER = "$(TEST_HOST)";
				CODE_SIGN_STYLE = Automatic;
				CURRENT_PROJECT_VERSION = 1;
				DEVELOPMENT_TEAM = DVGP29C4HF;
				GENERATE_INFOPLIST_FILE = YES;
				IPHONEOS_DEPLOYMENT_TARGET = 18.5;
				MARKETING_VERSION = 1.0;
				PRODUCT_BUNDLE_IDENTIFIER = Fedich.PayWallTests;
				PRODUCT_NAME = "$(TARGET_NAME)";
				SWIFT_EMIT_LOC_STRINGS = NO;
				SWIFT_VERSION = 5.0;
				TARGETED_DEVICE_FAMILY = "1,2";
				TEST_HOST = "$(BUILT_PRODUCTS_DIR)/PayWall.app/$(BUNDLE_EXECUTABLE_FOLDER_PATH)/PayWall";
			};
			name = Release;
		};
		0AF2728A2E4A2F5B003A39EF /* Debug */ = {
			isa = XCBuildConfiguration;
			buildSettings = {
				CODE_SIGN_STYLE = Automatic;
				CURRENT_PROJECT_VERSION = 1;
				DEVELOPMENT_TEAM = DVGP29C4HF;
				GENERATE_INFOPLIST_FILE = YES;
				MARKETING_VERSION = 1.0;
				PRODUCT_BUNDLE_IDENTIFIER = Fedich.PayWallUITests;
				PRODUCT_NAME = "$(TARGET_NAME)";
				SWIFT_EMIT_LOC_STRINGS = NO;
				SWIFT_VERSION = 5.0;
				TARGETED_DEVICE_FAMILY = "1,2";
				TEST_TARGET_NAME = PayWall;
			};
			name = Debug;
		};
		0AF2728B2E4A2F5B003A39EF /* Release */ = {
			isa = XCBuildConfiguration;
			buildSettings = {
				CODE_SIGN_STYLE = Automatic;
				CURRENT_PROJECT_VERSION = 1;
				DEVELOPMENT_TEAM = DVGP29C4HF;
				GENERATE_INFOPLIST_FILE = YES;
				MARKETING_VERSION = 1.0;
				PRODUCT_BUNDLE_IDENTIFIER = Fedich.PayWallUITests;
				PRODUCT_NAME = "$(TARGET_NAME)";
				SWIFT_EMIT_LOC_STRINGS = NO;
				SWIFT_VERSION = 5.0;
				TARGETED_DEVICE_FAMILY = "1,2";
				TEST_TARGET_NAME = PayWall;
			};
			name = Release;
		};
/* End XCBuildConfiguration section */

/* Begin XCConfigurationList section */
		0AF272532E4A2F59003A39EF /* Build configuration list for PBXProject "PayWall" */ = {
			isa = XCConfigurationList;
			buildConfigurations = (
				0AF272842E4A2F5B003A39EF /* Debug */,
				0AF272852E4A2F5B003A39EF /* Release */,
			);
			defaultConfigurationIsVisible = 0;
			defaultConfigurationName = Release;
		};
		0AF272812E4A2F5B003A39EF /* Build configuration list for PBXNativeTarget "PayWall" */ = {
			isa = XCConfigurationList;
			buildConfigurations = (
				0AF272822E4A2F5B003A39EF /* Debug */,
				0AF272832E4A2F5B003A39EF /* Release */,
			);
			defaultConfigurationIsVisible = 0;
			defaultConfigurationName = Release;
		};
		0AF272862E4A2F5B003A39EF /* Build configuration list for PBXNativeTarget "PayWallTests" */ = {
			isa = XCConfigurationList;
			buildConfigurations = (
				0AF272872E4A2F5B003A39EF /* Debug */,
				0AF272882E4A2F5B003A39EF /* Release */,
			);
			defaultConfigurationIsVisible = 0;
			defaultConfigurationName = Release;
		};
		0AF272892E4A2F5B003A39EF /* Build configuration list for PBXNativeTarget "PayWallUITests" */ = {
			isa = XCConfigurationList;
			buildConfigurations = (
				0AF2728A2E4A2F5B003A39EF /* Debug */,
				0AF2728B2E4A2F5B003A39EF /* Release */,
			);
			defaultConfigurationIsVisible = 0;
			defaultConfigurationName = Release;
		};
/* End XCConfigurationList section */
	};
	rootObject = 0AF272502E4A2F59003A39EF /* Project object */;
}
